{
    "_readme": [
        "This file locks the dependencies of your project to a known state",
        "Read more about it at https://getcomposer.org/doc/01-basic-usage.md#installing-dependencies",
        "This file is @generated automatically"
    ],
    "content-hash": "6bb1625e7cc38aa1fea9b047566baff0",
    "packages": [
        {
            "name": "agusth24/modangci",
            "version": "dev-master",
            "source": {
                "type": "git",
                "url": "https://github.com/agusth24/modangci.git",
                "reference": "93be7e9c916697ac20ee076e2df3d952c0909864"
            },
            "dist": {
                "type": "zip",
                "url": "https://api.github.com/repos/agusth24/modangci/zipball/93be7e9c916697ac20ee076e2df3d952c0909864",
                "reference": "93be7e9c916697ac20ee076e2df3d952c0909864",
                "shasum": ""
            },
            "require": {
                "php": ">=7.1.0"
            },
            "default-branch": true,
            "type": "library",
            "autoload": {
                "psr-4": {
                    "Modangci\\": "src/"
                }
            },
            "notification-url": "https://packagist.org/downloads/",
            "license": [
                "MIT"
            ],
            "authors": [
                {
                    "name": "Agus Tri Haryono",
                    "homepage": "https://github.com/agusth24/modangci"
                }
            ],
            "description": "A command-line tool for CodeIgniter 3.0",
            "keywords": [
                "cli",
                "codeigniter",
                "command",
                "command line"
            ],
            "support": {
                "issues": "https://github.com/agusth24/modangci/issues",
                "source": "https://github.com/agusth24/modangci/tree/master"
            },
            "time": "2020-06-27T08:11:54+00:00"
        },
        {
            "name": "codeigniter/framework",
            "version": "3.1.13",
            "source": {
                "type": "git",
                "url": "https://github.com/bcit-ci/CodeIgniter.git",
                "reference": "bcb17eb8ba53a85de154439d0ab8ff1bed047bc9"
            },
            "dist": {
                "type": "zip",
                "url": "https://api.github.com/repos/bcit-ci/CodeIgniter/zipball/bcb17eb8ba53a85de154439d0ab8ff1bed047bc9",
                "reference": "bcb17eb8ba53a85de154439d0ab8ff1bed047bc9",
                "shasum": ""
            },
            "require": {
                "php": ">=5.3.7"
            },
            "require-dev": {
                "mikey179/vfsstream": "1.6.*",
                "phpunit/phpunit": "4.* || 5.* || 9.*"
            },
            "suggest": {
                "paragonie/random_compat": "Provides better randomness in PHP 5.x"
            },
            "type": "project",
            "notification-url": "https://packagist.org/downloads/",
            "license": [
                "MIT"
            ],
            "description": "The CodeIgniter framework",
            "homepage": "https://codeigniter.com",
            "support": {
                "forum": "http://forum.codeigniter.com/",
                "issues": "https://github.com/bcit-ci/CodeIgniter/issues",
                "slack": "https://codeigniterchat.slack.com",
                "source": "https://github.com/bcit-ci/CodeIgniter",
                "wiki": "https://github.com/bcit-ci/CodeIgniter/wiki"
            },
            "time": "2022-03-03T13:21:49+00:00"
        }
    ],
    "packages-dev": [
        {
            "name": "mikey179/vfsstream",
            "version": "v1.1.0",
            "source": {
                "type": "git",
                "url": "https://github.com/bovigo/vfsStream.git",
                "reference": "fc0fe8f4d0b527254a2dc45f0c265567c881d07e"
            },
            "dist": {
                "type": "zip",
                "url": "https://api.github.com/repos/bovigo/vfsStream/zipball/fc0fe8f4d0b527254a2dc45f0c265567c881d07e",
                "reference": "fc0fe8f4d0b527254a2dc45f0c265567c881d07e",
                "shasum": ""
            },
            "require": {
                "php": ">=5.3.0"
            },
            "type": "library",
            "autoload": {
                "psr-0": {
                    "org\\bovigo\\vfs": "src/main/php"
                }
            },
            "notification-url": "https://packagist.org/downloads/",
            "license": [
                "BSD"
            ],
            "homepage": "http://vfs.bovigo.org/",
            "support": {
                "issues": "https://github.com/bovigo/vfsStream/issues",
                "source": "https://github.com/bovigo/vfsStream/tree/v1.1.0"
            },
            "time": "2012-08-25T12:49:29+00:00"
        }
    ],
    "aliases": [],
    "minimum-stability": "stable",
    "stability-flags": {
        "agusth24/modangci": 20
    },
    "prefer-stable": false,
    "prefer-lowest": false,
    "platform": {
        "php": ">=5.3.2"
    },
    "platform-dev": [],
    "plugin-api-version": "2.2.0"
}
